
Microsoft Visual Studio Solution File, Format Version 12.00
# Visual Studio Version 16
VisualStudioVersion = 16.0.33214.272
MinimumVisualStudioVersion = 10.0.40219.1
Project("{9A19103F-16F7-4668-BE54-9A1E7A4F7556}") = "Mission09_kbing321", "Mission09_kbing321.csproj", "{69DC037F-CC8D-49DF-AD40-6C1EAF216F9E}"
EndProject
Global
	GlobalSection(SolutionConfigurationPlatforms) = preSolution
		Debug|Any CPU = Debug|Any CPU
		Release|Any CPU = Release|Any CPU
	EndGlobalSection
	GlobalSection(ProjectConfigurationPlatforms) = postSolution
		{69DC037F-CC8D-49DF-AD40-6C1EAF216F9E}.Debug|Any CPU.ActiveCfg = Debug|Any CPU
		{69DC037F-CC8D-49DF-AD40-6C1EAF216F9E}.Debug|Any CPU.Build.0 = Debug|Any CPU
		{69DC037F-CC8D-49DF-AD40-6C1EAF216F9E}.Release|Any CPU.ActiveCfg = Release|Any CPU
		{69DC037F-CC8D-49DF-AD40-6C1EAF216F9E}.Release|Any CPU.Build.0 = Release|Any CPU
	EndGlobalSection
	GlobalSection(SolutionProperties) = preSolution
		HideSolutionNode = FALSE
	EndGlobalSection
	GlobalSection(ExtensibilityGlobals) = postSolution
		SolutionGuid = {5A04DF39-42B1-41E0-B7D6-710590C05282}
	EndGlobalSection
EndGlobal
